// !$*UTF8*$!
{
	archiveVersion = 1;
	classes = {
	};
	objectVersion = 46;
	objects = {

/* Begin PBXBuildFile section */
		700FE4EB1CC79C3C0071BBC6 /* AppDelegate.swift in Sources */ = {isa = PBXBuildFile; fileRef = 700FE4EA1CC79C3C0071BBC6 /* AppDelegate.swift */; };
		700FE4ED1CC79C3C0071BBC6 /* ViewController.swift in Sources */ = {isa = PBXBuildFile; fileRef = 700FE4EC1CC79C3C0071BBC6 /* ViewController.swift */; };
		700FE4F01CC79C3C0071BBC6 /* Main.storyboard in Resources */ = {isa = PBXBuildFile; fileRef = 700FE4EE1CC79C3C0071BBC6 /* Main.storyboard */; };
		700FE4F21CC79C3C0071BBC6 /* Assets.xcassets in Resources */ = {isa = PBXBuildFile; fileRef = 700FE4F11CC79C3C0071BBC6 /* Assets.xcassets */; };
		700FE4F51CC79C3C0071BBC6 /* LaunchScreen.storyboard in Resources */ = {isa = PBXBuildFile; fileRef = 700FE4F31CC79C3C0071BBC6 /* LaunchScreen.storyboard */; };
		700FE5001CC79C3C0071BBC6 /* WWDC16CVTests.swift in Sources */ = {isa = PBXBuildFile; fileRef = 700FE4FF1CC79C3C0071BBC6 /* WWDC16CVTests.swift */; };
		700FE50B1CC79C3C0071BBC6 /* WWDC16CVUITests.swift in Sources */ = {isa = PBXBuildFile; fileRef = 700FE50A1CC79C3C0071BBC6 /* WWDC16CVUITests.swift */; };
/* End PBXBuildFile section */

/* Begin PBXContainerItemProxy section */
		700FE4FC1CC79C3C0071BBC6 /* PBXContainerItemProxy */ = {
			isa = PBXContainerItemProxy;
			containerPortal = 700FE4DF1CC79C3C0071BBC6 /* Project object */;
			proxyType = 1;
			remoteGlobalIDString = 700FE4E61CC79C3C0071BBC6;
			remoteInfo = WWDC16CV;
		};
		700FE5071CC79C3C0071BBC6 /* PBXContainerItemProxy */ = {
			isa = PBXContainerItemProxy;
			containerPortal = 700FE4DF1CC79C3C0071BBC6 /* Project object */;
			proxyType = 1;
			remoteGlobalIDString = 700FE4E61CC79C3C0071BBC6;
			remoteInfo = WWDC16CV;
		};
/* End PBXContainerItemProxy section */

/* Begin PBXFileReference section */
		700FE4E71CC79C3C0071BBC6 /* WWDC16CV.app */ = {isa = PBXFileReference; explicitFileType = wrapper.application; includeInIndex = 0; path = WWDC16CV.app; sourceTree = BUILT_PRODUCTS_DIR; };
		700FE4EA1CC79C3C0071BBC6 /* AppDelegate.swift */ = {isa = PBXFileReference; lastKnownFileType = sourcecode.swift; path = AppDelegate.swift; sourceTree = "<group>"; };
		700FE4EC1CC79C3C0071BBC6 /* ViewController.swift */ = {isa = PBXFileReference; lastKnownFileType = sourcecode.swift; path = ViewController.swift; sourceTree = "<group>"; };
		700FE4EF1CC79C3C0071BBC6 /* Base */ = {isa = PBXFileReference; lastKnownFileType = file.storyboard; name = Base; path = Base.lproj/Main.storyboard; sourceTree = "<group>"; };
		700FE4F11CC79C3C0071BBC6 /* Assets.xcassets */ = {isa = PBXFileReference; lastKnownFileType = folder.assetcatalog; path = Assets.xcassets; sourceTree = "<group>"; };
		700FE4F41CC79C3C0071BBC6 /* Base */ = {isa = PBXFileReference; lastKnownFileType = file.storyboard; name = Base; path = Base.lproj/LaunchScreen.storyboard; sourceTree = "<group>"; };
		700FE4F61CC79C3C0071BBC6 /* Info.plist */ = {isa = PBXFileReference; lastKnownFileType = text.plist.xml; path = Info.plist; sourceTree = "<group>"; };
		700FE4FB1CC79C3C0071BBC6 /* WWDC16CVTests.xctest */ = {isa = PBXFileReference; explicitFileType = wrapper.cfbundle; includeInIndex = 0; path = WWDC16CVTests.xctest; sourceTree = BUILT_PRODUCTS_DIR; };
		700FE4FF1CC79C3C0071BBC6 /* WWDC16CVTests.swift */ = {isa = PBXFileReference; lastKnownFileType = sourcecode.swift; path = WWDC16CVTests.swift; sourceTree = "<group>"; };
		700FE5011CC79C3C0071BBC6 /* Info.plist */ = {isa = PBXFileReference; lastKnownFileType = text.plist.xml; path = Info.plist; sourceTree = "<group>"; };
		700FE5061CC79C3C0071BBC6 /* WWDC16CVUITests.xctest */ = {isa = PBXFileReference; explicitFileType = wrapper.cfbundle; includeInIndex = 0; path = WWDC16CVUITests.xctest; sourceTree = BUILT_PRODUCTS_DIR; };
		700FE50A1CC79C3C0071BBC6 /* WWDC16CVUITests.swift */ = {isa = PBXFileReference; lastKnownFileType = sourcecode.swift; path = WWDC16CVUITests.swift; sourceTree = "<group>"; };
		700FE50C1CC79C3C0071BBC6 /* Info.plist */ = {isa = PBXFileReference; lastKnownFileType = text.plist.xml; path = Info.plist; sourceTree = "<group>"; };
/* End PBXFileReference section */

/* Begin PBXFrameworksBuildPhase section */
		700FE4E41CC79C3C0071BBC6 /* Frameworks */ = {
			isa = PBXFrameworksBuildPhase;
			buildActionMask = 2147483647;
			files = (
			);
			runOnlyForDeploymentPostprocessing = 0;
		};
		700FE4F81CC79C3C0071BBC6 /* Frameworks */ = {
			isa = PBXFrameworksBuildPhase;
			buildActionMask = 2147483647;
			files = (
			);
			runOnlyForDeploymentPostprocessing = 0;
		};
		700FE5031CC79C3C0071BBC6 /* Frameworks */ = {
			isa = PBXFrameworksBuildPhase;
			buildActionMask = 2147483647;
			files = (
			);
			runOnlyForDeploymentPostprocessing = 0;
		};
/* End PBXFrameworksBuildPhase section */

/* Begin PBXGroup section */
		700FE4DE1CC79C3C0071BBC6 = {
			isa = PBXGroup;
			children = (
				700FE4E91CC79C3C0071BBC6 /* WWDC16CV */,
				700FE4FE1CC79C3C0071BBC6 /* WWDC16CVTests */,
				700FE5091CC79C3C0071BBC6 /* WWDC16CVUITests */,
				700FE4E81CC79C3C0071BBC6 /* Products */,
			);
			sourceTree = "<group>";
		};
		700FE4E81CC79C3C0071BBC6 /* Products */ = {
			isa = PBXGroup;
			children = (
				700FE4E71CC79C3C0071BBC6 /* WWDC16CV.app */,
				700FE4FB1CC79C3C0071BBC6 /* WWDC16CVTests.xctest */,
				700FE5061CC79C3C0071BBC6 /* WWDC16CVUITests.xctest */,
			);
			name = Products;
			sourceTree = "<group>";
		};
		700FE4E91CC79C3C0071BBC6 /* WWDC16CV */ = {
			isa = PBXGroup;
			children = (
				700FE4EA1CC79C3C0071BBC6 /* AppDelegate.swift */,
				700FE4EC1CC79C3C0071BBC6 /* ViewController.swift */,
				700FE4EE1CC79C3C0071BBC6 /* Main.storyboard */,
				700FE4F11CC79C3C0071BBC6 /* Assets.xcassets */,
				700FE4F31CC79C3C0071BBC6 /* LaunchScreen.storyboard */,
				700FE4F61CC79C3C0071BBC6 /* Info.plist */,
			);
			path = WWDC16CV;
			sourceTree = "<group>";
		};
		700FE4FE1CC79C3C0071BBC6 /* WWDC16CVTests */ = {
			isa = PBXGroup;
			children = (
				700FE4FF1CC79C3C0071BBC6 /* WWDC16CVTests.swift */,
				700FE5011CC79C3C0071BBC6 /* Info.plist */,
			);
			path = WWDC16CVTests;
			sourceTree = "<group>";
		};
		700FE5091CC79C3C0071BBC6 /* WWDC16CVUITests */ = {
			isa = PBXGroup;
			children = (
				700FE50A1CC79C3C0071BBC6 /* WWDC16CVUITests.swift */,
				700FE50C1CC79C3C0071BBC6 /* Info.plist */,
			);
			path = WWDC16CVUITests;
			sourceTree = "<group>";
		};
/* End PBXGroup section */

/* Begin PBXNativeTarget section */
		700FE4E61CC79C3C0071BBC6 /* WWDC16CV */ = {
			isa = PBXNativeTarget;
			buildConfigurationList = 700FE50F1CC79C3C0071BBC6 /* Build configuration list for PBXNativeTarget "WWDC16CV" */;
			buildPhases = (
				700FE4E31CC79C3C0071BBC6 /* Sources */,
				700FE4E41CC79C3C0071BBC6 /* Frameworks */,
				700FE4E51CC79C3C0071BBC6 /* Resources */,
			);
			buildRules = (
			);
			dependencies = (
			);
			name = WWDC16CV;
			productName = WWDC16CV;
			productReference = 700FE4E71CC79C3C0071BBC6 /* WWDC16CV.app */;
			productType = "com.apple.product-type.application";
		};
		700FE4FA1CC79C3C0071BBC6 /* WWDC16CVTests */ = {
			isa = PBXNativeTarget;
			buildConfigurationList = 700FE5121CC79C3C0071BBC6 /* Build configuration list for PBXNativeTarget "WWDC16CVTests" */;
			buildPhases = (
				700FE4F71CC79C3C0071BBC6 /* Sources */,
				700FE4F81CC79C3C0071BBC6 /* Frameworks */,
				700FE4F91CC79C3C0071BBC6 /* Resources */,
			);
			buildRules = (
			);
			dependencies = (
				700FE4FD1CC79C3C0071BBC6 /* PBXTargetDependency */,
			);
			name = WWDC16CVTests;
			productName = WWDC16CVTests;
			productReference = 700FE4FB1CC79C3C0071BBC6 /* WWDC16CVTests.xctest */;
			productType = "com.apple.product-type.bundle.unit-test";
		};
		700FE5051CC79C3C0071BBC6 /* WWDC16CVUITests */ = {
			isa = PBXNativeTarget;
			buildConfigurationList = 700FE5151CC79C3C0071BBC6 /* Build configuration list for PBXNativeTarget "WWDC16CVUITests" */;
			buildPhases = (
				700FE5021CC79C3C0071BBC6 /* Sources */,
				700FE5031CC79C3C0071BBC6 /* Frameworks */,
				700FE5041CC79C3C0071BBC6 /* Resources */,
			);
			buildRules = (
			);
			dependencies = (
				700FE5081CC79C3C0071BBC6 /* PBXTargetDependency */,
			);
			name = WWDC16CVUITests;
			productName = WWDC16CVUITests;
			productReference = 700FE5061CC79C3C0071BBC6 /* WWDC16CVUITests.xctest */;
			productType = "com.apple.product-type.bundle.ui-testing";
		};
/* End PBXNativeTarget section */

/* Begin PBXProject section */
		700FE4DF1CC79C3C0071BBC6 /* Project object */ = {
			isa = PBXProject;
			attributes = {
				LastSwiftUpdateCheck = 0730;
				LastUpgradeCheck = 0730;
				ORGANIZATIONNAME = "Alec Schneider";
				TargetAttributes = {
					700FE4E61CC79C3C0071BBC6 = {
						CreatedOnToolsVersion = 7.3;
						DevelopmentTeam = 24S45XB6EK;
					};
					700FE4FA1CC79C3C0071BBC6 = {
						CreatedOnToolsVersion = 7.3;
						DevelopmentTeam = 24S45XB6EK;
						TestTargetID = 700FE4E61CC79C3C0071BBC6;
					};
					700FE5051CC79C3C0071BBC6 = {
						CreatedOnToolsVersion = 7.3;
						DevelopmentTeam = 24S45XB6EK;
						TestTargetID = 700FE4E61CC79C3C0071BBC6;
					};
				};
			};
			buildConfigurationList = 700FE4E21CC79C3C0071BBC6 /* Build configuration list for PBXProject "WWDC16CV" */;
			compatibilityVersion = "Xcode 3.2";
			developmentRegion = English;
			hasScannedForEncodings = 0;
			knownRegions = (
				en,
				Base,
			);
			mainGroup = 700FE4DE1CC79C3C0071BBC6;
			productRefGroup = 700FE4E81CC79C3C0071BBC6 /* Products */;
			projectDirPath = "";
			projectRoot = "";
			targets = (
				700FE4E61CC79C3C0071BBC6 /* WWDC16CV */,
				700FE4FA1CC79C3C0071BBC6 /* WWDC16CVTests */,
				700FE5051CC79C3C0071BBC6 /* WWDC16CVUITests */,
			);
		};
/* End PBXProject section */

/* Begin PBXResourcesBuildPhase section */
		700FE4E51CC79C3C0071BBC6 /* Resources */ = {
			isa = PBXResourcesBuildPhase;
			buildActionMask = 2147483647;
			files = (
				700FE4F51CC79C3C0071BBC6 /* LaunchScreen.storyboard in Resources */,
				700FE4F21CC79C3C0071BBC6 /* Assets.xcassets in Resources */,
				700FE4F01CC79C3C0071BBC6 /* Main.storyboard in Resources */,
			);
			runOnlyForDeploymentPostprocessing = 0;
		};
		700FE4F91CC79C3C0071BBC6 /* Resources */ = {
			isa = PBXResourcesBuildPhase;
			buildActionMask = 2147483647;
			files = (
			);
			runOnlyForDeploymentPostprocessing = 0;
		};
		700FE5041CC79C3C0071BBC6 /* Resources */ = {
			isa = PBXResourcesBuildPhase;
			buildActionMask = 2147483647;
			files = (
			);
			runOnlyForDeploymentPostprocessing = 0;
		};
/* End PBXResourcesBuildPhase section */

/* Begin PBXSourcesBuildPhase section */
		700FE4E31CC79C3C0071BBC6 /* Sources */ = {
			isa = PBXSourcesBuildPhase;
			buildActionMask = 2147483647;
			files = (
				700FE4ED1CC79C3C0071BBC6 /* ViewController.swift in Sources */,
				700FE4EB1CC79C3C0071BBC6 /* AppDelegate.swift in Sources */,
			);
			runOnlyForDeploymentPostprocessing = 0;
		};
		700FE4F71CC79C3C0071BBC6 /* Sources */ = {
			isa = PBXSourcesBuildPhase;
			buildActionMask = 2147483647;
			files = (
				700FE5001CC79C3C0071BBC6 /* WWDC16CVTests.swift in Sources */,
			);
			runOnlyForDeploymentPostprocessing = 0;
		};
		700FE5021CC79C3C0071BBC6 /* Sources */ = {
			isa = PBXSourcesBuildPhase;
			buildActionMask = 2147483647;
			files = (
				700FE50B1CC79C3C0071BBC6 /* WWDC16CVUITests.swift in Sources */,
			);
			runOnlyForDeploymentPostprocessing = 0;
		};
/* End PBXSourcesBuildPhase section */

/* Begin PBXTargetDependency section */
		700FE4FD1CC79C3C0071BBC6 /* PBXTargetDependency */ = {
			isa = PBXTargetDependency;
			target = 700FE4E61CC79C3C0071BBC6 /* WWDC16CV */;
			targetProxy = 700FE4FC1CC79C3C0071BBC6 /* PBXContainerItemProxy */;
		};
		700FE5081CC79C3C0071BBC6 /* PBXTargetDependency */ = {
			isa = PBXTargetDependency;
			target = 700FE4E61CC79C3C0071BBC6 /* WWDC16CV */;
			targetProxy = 700FE5071CC79C3C0071BBC6 /* PBXContainerItemProxy */;
		};
/* End PBXTargetDependency section */

/* Begin PBXVariantGroup section */
		700FE4EE1CC79C3C0071BBC6 /* Main.storyboard */ = {
			isa = PBXVariantGroup;
			children = (
				700FE4EF1CC79C3C0071BBC6 /* Base */,
			);
			name = Main.storyboard;
			sourceTree = "<group>";
		};
		700FE4F31CC79C3C0071BBC6 /* LaunchScreen.storyboard */ = {
			isa = PBXVariantGroup;
			children = (
				700FE4F41CC79C3C0071BBC6 /* Base */,
			);
			name = LaunchScreen.storyboard;
			sourceTree = "<group>";
		};
/* End PBXVariantGroup section */

/* Begin XCBuildConfiguration section */
		700FE50D1CC79C3C0071BBC6 /* Debug */ = {
			isa = XCBuildConfiguration;
			buildSettings = {
				ALWAYS_SEARCH_USER_PATHS = NO;
				CLANG_ANALYZER_NONNULL = YES;
				CLANG_CXX_LANGUAGE_STANDARD = "gnu++0x";
				CLANG_CXX_LIBRARY = "libc++";
				CLANG_ENABLE_MODULES = YES;
				CLANG_ENABLE_OBJC_ARC = YES;
				CLANG_WARN_BOOL_CONVERSION = YES;
				CLANG_WARN_CONSTANT_CONVERSION = YES;
				CLANG_WARN_DIRECT_OBJC_ISA_USAGE = YES_ERROR;
				CLANG_WARN_EMPTY_BODY = YES;
				CLANG_WARN_ENUM_CONVERSION = YES;
				CLANG_WARN_INT_CONVERSION = YES;
				CLANG_WARN_OBJC_ROOT_CLASS = YES_ERROR;
				CLANG_WARN_UNREACHABLE_CODE = YES;
				CLANG_WARN__DUPLICATE_METHOD_MATCH = YES;
				"CODE_SIGN_IDENTITY[sdk=iphoneos*]" = "iPhone Developer";
				COPY_PHASE_STRIP = NO;
				DEBUG_INFORMATION_FORMAT = dwarf;
				ENABLE_STRICT_OBJC_MSGSEND = YES;
				ENABLE_TESTABILITY = YES;
				GCC_C_LANGUAGE_STANDARD = gnu99;
				GCC_DYNAMIC_NO_PIC = NO;
				GCC_NO_COMMON_BLOCKS = YES;
				GCC_OPTIMIZATION_LEVEL = 0;
				GCC_PREPROCESSOR_DEFINITIONS = (
					"DEBUG=1",
					"$(inherited)",
				);
				GCC_WARN_64_TO_32_BIT_CONVERSION = YES;
				GCC_WARN_ABOUT_RETURN_TYPE = YES_ERROR;
				GCC_WARN_UNDECLARED_SELECTOR = YES;
				GCC_WARN_UNINITIALIZED_AUTOS = YES_AGGRESSIVE;
				GCC_WARN_UNUSED_FUNCTION = YES;
				GCC_WARN_UNUSED_VARIABLE = YES;
				IPHONEOS_DEPLOYMENT_TARGET = 9.3;
				MTL_ENABLE_DEBUG_INFO = YES;
				ONLY_ACTIVE_ARCH = YES;
				SDKROOT = iphoneos;
				SWIFT_OPTIMIZATION_LEVEL = "-Onone";
			};
			name = Debug;
		};
		700FE50E1CC79C3C0071BBC6 /* Release */ = {
			isa = XCBuildConfiguration;
			buildSettings = {
				ALWAYS_SEARCH_USER_PATHS = NO;
				CLANG_ANALYZER_NONNULL = YES;
				CLANG_CXX_LANGUAGE_STANDARD = "gnu++0x";
				CLANG_CXX_LIBRARY = "libc++";
				CLANG_ENABLE_MODULES = YES;
				CLANG_ENABLE_OBJC_ARC = YES;
				CLANG_WARN_BOOL_CONVERSION = YES;
				CLANG_WARN_CONSTANT_CONVERSION = YES;
				CLANG_WARN_DIRECT_OBJC_ISA_USAGE = YES_ERROR;
				CLANG_WARN_EMPTY_BODY = YES;
				CLANG_WARN_ENUM_CONVERSION = YES;
				CLANG_WARN_INT_CONVERSION = YES;
				CLANG_WARN_OBJC_ROOT_CLASS = YES_ERROR;
				CLANG_WARN_UNREACHABLE_CODE = YES;
				CLANG_WARN__DUPLICATE_METHOD_MATCH = YES;
				"CODE_SIGN_IDENTITY[sdk=iphoneos*]" = "iPhone Developer";
				COPY_PHASE_STRIP = NO;
				DEBUG_INFORMATION_FORMAT = "dwarf-with-dsym";
				ENABLE_NS_ASSERTIONS = NO;
				ENABLE_STRICT_OBJC_MSGSEND = YES;
				GCC_C_LANGUAGE_STANDARD = gnu99;
				GCC_NO_COMMON_BLOCKS = YES;
				GCC_WARN_64_TO_32_BIT_CONVERSION = YES;
				GCC_WARN_ABOUT_RETURN_TYPE = YES_ERROR;
				GCC_WARN_UNDECLARED_SELECTOR = YES;
				GCC_WARN_UNINITIALIZED_AUTOS = YES_AGGRESSIVE;
				GCC_WARN_UNUSED_FUNCTION = YES;
				GCC_WARN_UNUSED_VARIABLE = YES;
				IPHONEOS_DEPLOYMENT_TARGET = 9.3;
				MTL_ENABLE_DEBUG_INFO = NO;
				SDKROOT = iphoneos;
				VALIDATE_PRODUCT = YES;
			};
			name = Release;
		};
		700FE5101CC79C3C0071BBC6 /* Debug */ = {
			isa = XCBuildConfiguration;
			buildSettings = {
				ASSETCATALOG_COMPILER_APPICON_NAME = AppIcon;
				INFOPLIST_FILE = WWDC16CV/Info.plist;
				LD_RUNPATH_SEARCH_PATHS = "$(inherited) @executable_path/Frameworks";
				PRODUCT_BUNDLE_IDENTIFIER = AS.WWDC16CV;
				PRODUCT_NAME = "$(TARGET_NAME)";
			};
			name = Debug;
		};
		700FE5111CC79C3C0071BBC6 /* Release */ = {
			isa = XCBuildConfiguration;
			buildSettings = {
				ASSETCATALOG_COMPILER_APPICON_NAME = AppIcon;
				INFOPLIST_FILE = WWDC16CV/Info.plist;
				LD_RUNPATH_SEARCH_PATHS = "$(inherited) @executable_path/Frameworks";
				PRODUCT_BUNDLE_IDENTIFIER = AS.WWDC16CV;
				PRODUCT_NAME = "$(TARGET_NAME)";
			};
			name = Release;
		};
		700FE5131CC79C3C0071BBC6 /* Debug */ = {
			isa = XCBuildConfiguration;
			buildSettings = {
				BUNDLE_LOADER = "$(TEST_HOST)";
				INFOPLIST_FILE = WWDC16CVTests/Info.plist;
				LD_RUNPATH_SEARCH_PATHS = "$(inherited) @executable_path/Frameworks @loader_path/Frameworks";
				PRODUCT_BUNDLE_IDENTIFIER = AS.WWDC16CVTests;
				PRODUCT_NAME = "$(TARGET_NAME)";
				TEST_HOST = "$(BUILT_PRODUCTS_DIR)/WWDC16CV.app/WWDC16CV";
			};
			name = Debug;
		};
		700FE5141CC79C3C0071BBC6 /* Release */ = {
			isa = XCBuildConfiguration;
			buildSettings = {
				BUNDLE_LOADER = "$(TEST_HOST)";
				INFOPLIST_FILE = WWDC16CVTests/Info.plist;
				LD_RUNPATH_SEARCH_PATHS = "$(inherited) @executable_path/Frameworks @loader_path/Frameworks";
				PRODUCT_BUNDLE_IDENTIFIER = AS.WWDC16CVTests;
				PRODUCT_NAME = "$(TARGET_NAME)";
				TEST_HOST = "$(BUILT_PRODUCTS_DIR)/WWDC16CV.app/WWDC16CV";
			};
			name = Release;
		};
		700FE5161CC79C3C0071BBC6 /* Debug */ = {
			isa = XCBuildConfiguration;
			buildSettings = {
				INFOPLIST_FILE = WWDC16CVUITests/Info.plist;
				LD_RUNPATH_SEARCH_PATHS = "$(inherited) @executable_path/Frameworks @loader_path/Frameworks";
				PRODUCT_BUNDLE_IDENTIFIER = AS.WWDC16CVUITests;
				PRODUCT_NAME = "$(TARGET_NAME)";
				TEST_TARGET_NAME = WWDC16CV;
			};
			name = Debug;
		};
		700FE5171CC79C3C0071BBC6 /* Release */ = {
			isa = XCBuildConfiguration;
			buildSettings = {
				INFOPLIST_FILE = WWDC16CVUITests/Info.plist;
				LD_RUNPATH_SEARCH_PATHS = "$(inherited) @executable_path/Frameworks @loader_path/Frameworks";
				PRODUCT_BUNDLE_IDENTIFIER = AS.WWDC16CVUITests;
				PRODUCT_NAME = "$(TARGET_NAME)";
				TEST_TARGET_NAME = WWDC16CV;
			};
			name = Release;
		};
/* End XCBuildConfiguration section */

/* Begin XCConfigurationList section */
		700FE4E21CC79C3C0071BBC6 /* Build configuration list for PBXProject "WWDC16CV" */ = {
			isa = XCConfigurationList;
			buildConfigurations = (
				700FE50D1CC79C3C0071BBC6 /* Debug */,
				700FE50E1CC79C3C0071BBC6 /* Release */,
			);
			defaultConfigurationIsVisible = 0;
			defaultConfigurationName = Release;
		};
		700FE50F1CC79C3C0071BBC6 /* Build configuration list for PBXNativeTarget "WWDC16CV" */ = {
			isa = XCConfigurationList;
			buildConfigurations = (
				700FE5101CC79C3C0071BBC6 /* Debug */,
				700FE5111CC79C3C0071BBC6 /* Release */,
			);
			defaultConfigurationIsVisible = 0;
		};
		700FE5121CC79C3C0071BBC6 /* Build configuration list for PBXNativeTarget "WWDC16CVTests" */ = {
			isa = XCConfigurationList;
			buildConfigurations = (
				700FE5131CC79C3C0071BBC6 /* Debug */,
				700FE5141CC79C3C0071BBC6 /* Release */,
			);
			defaultConfigurationIsVisible = 0;
		};
		700FE5151CC79C3C0071BBC6 /* Build configuration list for PBXNativeTarget "WWDC16CVUITests" */ = {
			isa = XCConfigurationList;
			buildConfigurations = (
				700FE5161CC79C3C0071BBC6 /* Debug */,
				700FE5171CC79C3C0071BBC6 /* Release */,
			);
			defaultConfigurationIsVisible = 0;
		};
/* End XCConfigurationList section */
	};
	rootObject = 700FE4DF1CC79C3C0071BBC6 /* Project object */;
}
